
Microsoft Visual Studio Solution File, Format Version 12.00
# Visual Studio 15
Project("{FAE04EC0-301F-11D3-BF4B-00C04F79EFBC}") = "Assembly-CSharp", "Assembly-CSharp.csproj", "{0188171C-0501-A115-1D47-20B15D0B529A}"
EndProject
Project("{FAE04EC0-301F-11D3-BF4B-00C04F79EFBC}") = "Assembly-CSharp-Editor", "Assembly-CSharp-Editor.csproj", "{FD631B3E-CCB2-026C-D577-FDC714332ED5}"
EndProject
Global
	GlobalSection(SolutionConfigurationPlatforms) = preSolution
		Debug|Any CPU = Debug|Any CPU
		Release|Any CPU = Release|Any CPU
	EndGlobalSection
	GlobalSection(ProjectConfigurationPlatforms) = postSolution
		{0188171C-0501-A115-1D47-20B15D0B529A}.Debug|Any CPU.ActiveCfg = Debug|Any CPU
		{0188171C-0501-A115-1D47-20B15D0B529A}.Debug|Any CPU.Build.0 = Debug|Any CPU
		{0188171C-0501-A115-1D47-20B15D0B529A}.Release|Any CPU.ActiveCfg = Release|Any CPU
		{0188171C-0501-A115-1D47-20B15D0B529A}.Release|Any CPU.Build.0 = Release|Any CPU
		{FD631B3E-CCB2-026C-D577-FDC714332ED5}.Debug|Any CPU.ActiveCfg = Debug|Any CPU
		{FD631B3E-CCB2-026C-D577-FDC714332ED5}.Debug|Any CPU.Build.0 = Debug|Any CPU
		{FD631B3E-CCB2-026C-D577-FDC714332ED5}.Release|Any CPU.ActiveCfg = Release|Any CPU
		{FD631B3E-CCB2-026C-D577-FDC714332ED5}.Release|Any CPU.Build.0 = Release|Any CPU
	EndGlobalSection
	GlobalSection(SolutionProperties) = preSolution
		HideSolutionNode = FALSE
	EndGlobalSection
EndGlobal
